// !$*UTF8*$!
{
	archiveVersion = 1;
	classes = {
	};
	objectVersion = 46;
	objects = {

/* Begin PBXBuildFile section */
		FC2871C019B51A36002C3233 /* Foundation.framework in Frameworks */ = {isa = PBXBuildFile; fileRef = FC2871BF19B51A36002C3233 /* Foundation.framework */; };
		FC2871C219B51A36002C3233 /* CoreGraphics.framework in Frameworks */ = {isa = PBXBuildFile; fileRef = FC2871C119B51A36002C3233 /* CoreGraphics.framework */; };
		FC2871C419B51A36002C3233 /* UIKit.framework in Frameworks */ = {isa = PBXBuildFile; fileRef = FC2871C319B51A36002C3233 /* UIKit.framework */; };
		FC2871CA19B51A36002C3233 /* InfoPlist.strings in Resources */ = {isa = PBXBuildFile; fileRef = FC2871C819B51A36002C3233 /* InfoPlist.strings */; };
		FC2871CC19B51A36002C3233 /* main.m in Sources */ = {isa = PBXBuildFile; fileRef = FC2871CB19B51A36002C3233 /* main.m */; };
		FC2871D019B51A36002C3233 /* CSAppDelegate.m in Sources */ = {isa = PBXBuildFile; fileRef = FC2871CF19B51A36002C3233 /* CSAppDelegate.m */; };
		FC2871D319B51A36002C3233 /* Main.storyboard in Resources */ = {isa = PBXBuildFile; fileRef = FC2871D119B51A36002C3233 /* Main.storyboard */; };
		FC2871D619B51A36002C3233 /* CSViewController.m in Sources */ = {isa = PBXBuildFile; fileRef = FC2871D519B51A36002C3233 /* CSViewController.m */; };
		FC2871D819B51A36002C3233 /* Images.xcassets in Resources */ = {isa = PBXBuildFile; fileRef = FC2871D719B51A36002C3233 /* Images.xcassets */; };
		FC2871DF19B51A36002C3233 /* XCTest.framework in Frameworks */ = {isa = PBXBuildFile; fileRef = FC2871DE19B51A36002C3233 /* XCTest.framework */; };
		FC2871E019B51A36002C3233 /* Foundation.framework in Frameworks */ = {isa = PBXBuildFile; fileRef = FC2871BF19B51A36002C3233 /* Foundation.framework */; };
		FC2871E119B51A36002C3233 /* UIKit.framework in Frameworks */ = {isa = PBXBuildFile; fileRef = FC2871C319B51A36002C3233 /* UIKit.framework */; };
		FC2871E919B51A36002C3233 /* InfoPlist.strings in Resources */ = {isa = PBXBuildFile; fileRef = FC2871E719B51A36002C3233 /* InfoPlist.strings */; };
		FC2871EB19B51A36002C3233 /* UITableViewController_Challenge_SolutionTests.m in Sources */ = {isa = PBXBuildFile; fileRef = FC2871EA19B51A36002C3233 /* UITableViewController_Challenge_SolutionTests.m */; };
/* End PBXBuildFile section */

/* Begin PBXContainerItemProxy section */
		FC2871E219B51A36002C3233 /* PBXContainerItemProxy */ = {
			isa = PBXContainerItemProxy;
			containerPortal = FC2871B419B51A35002C3233 /* Project object */;
			proxyType = 1;
			remoteGlobalIDString = FC2871BB19B51A35002C3233;
			remoteInfo = "UITableViewController Challenge Solution";
		};
/* End PBXContainerItemProxy section */

/* Begin PBXFileReference section */
		FC2871BC19B51A36002C3233 /* UITableViewController Challenge Solution.app */ = {isa = PBXFileReference; explicitFileType = wrapper.application; includeInIndex = 0; path = "UITableViewController Challenge Solution.app"; sourceTree = BUILT_PRODUCTS_DIR; };
		FC2871BF19B51A36002C3233 /* Foundation.framework */ = {isa = PBXFileReference; lastKnownFileType = wrapper.framework; name = Foundation.framework; path = System/Library/Frameworks/Foundation.framework; sourceTree = SDKROOT; };
		FC2871C119B51A36002C3233 /* CoreGraphics.framework */ = {isa = PBXFileReference; lastKnownFileType = wrapper.framework; name = CoreGraphics.framework; path = System/Library/Frameworks/CoreGraphics.framework; sourceTree = SDKROOT; };
		FC2871C319B51A36002C3233 /* UIKit.framework */ = {isa = PBXFileReference; lastKnownFileType = wrapper.framework; name = UIKit.framework; path = System/Library/Frameworks/UIKit.framework; sourceTree = SDKROOT; };
		FC2871C719B51A36002C3233 /* UITableViewController Challenge Solution-Info.plist */ = {isa = PBXFileReference; lastKnownFileType = text.plist.xml; path = "UITableViewController Challenge Solution-Info.plist"; sourceTree = "<group>"; };
		FC2871C919B51A36002C3233 /* en */ = {isa = PBXFileReference; lastKnownFileType = text.plist.strings; name = en; path = en.lproj/InfoPlist.strings; sourceTree = "<group>"; };
		FC2871CB19B51A36002C3233 /* main.m */ = {isa = PBXFileReference; lastKnownFileType = sourcecode.c.objc; path = main.m; sourceTree = "<group>"; };
		FC2871CD19B51A36002C3233 /* UITableViewController Challenge Solution-Prefix.pch */ = {isa = PBXFileReference; lastKnownFileType = sourcecode.c.h; path = "UITableViewController Challenge Solution-Prefix.pch"; sourceTree = "<group>"; };
		FC2871CE19B51A36002C3233 /* CSAppDelegate.h */ = {isa = PBXFileReference; lastKnownFileType = sourcecode.c.h; path = CSAppDelegate.h; sourceTree = "<group>"; };
		FC2871CF19B51A36002C3233 /* CSAppDelegate.m */ = {isa = PBXFileReference; lastKnownFileType = sourcecode.c.objc; path = CSAppDelegate.m; sourceTree = "<group>"; };
		FC2871D219B51A36002C3233 /* Base */ = {isa = PBXFileReference; lastKnownFileType = file.storyboard; name = Base; path = Base.lproj/Main.storyboard; sourceTree = "<group>"; };
		FC2871D419B51A36002C3233 /* CSViewController.h */ = {isa = PBXFileReference; lastKnownFileType = sourcecode.c.h; path = CSViewController.h; sourceTree = "<group>"; };
		FC2871D519B51A36002C3233 /* CSViewController.m */ = {isa = PBXFileReference; lastKnownFileType = sourcecode.c.objc; path = CSViewController.m; sourceTree = "<group>"; };
		FC2871D719B51A36002C3233 /* Images.xcassets */ = {isa = PBXFileReference; lastKnownFileType = folder.assetcatalog; path = Images.xcassets; sourceTree = "<group>"; };
		FC2871DD19B51A36002C3233 /* UITableViewController Challenge SolutionTests.xctest */ = {isa = PBXFileReference; explicitFileType = wrapper.cfbundle; includeInIndex = 0; path = "UITableViewController Challenge SolutionTests.xctest"; sourceTree = BUILT_PRODUCTS_DIR; };
		FC2871DE19B51A36002C3233 /* XCTest.framework */ = {isa = PBXFileReference; lastKnownFileType = wrapper.framework; name = XCTest.framework; path = Library/Frameworks/XCTest.framework; sourceTree = DEVELOPER_DIR; };
		FC2871E619B51A36002C3233 /* UITableViewController Challenge SolutionTests-Info.plist */ = {isa = PBXFileReference; lastKnownFileType = text.plist.xml; path = "UITableViewController Challenge SolutionTests-Info.plist"; sourceTree = "<group>"; };
		FC2871E819B51A36002C3233 /* en */ = {isa = PBXFileReference; lastKnownFileType = text.plist.strings; name = en; path = en.lproj/InfoPlist.strings; sourceTree = "<group>"; };
		FC2871EA19B51A36002C3233 /* UITableViewController_Challenge_SolutionTests.m */ = {isa = PBXFileReference; lastKnownFileType = sourcecode.c.objc; path = UITableViewController_Challenge_SolutionTests.m; sourceTree = "<group>"; };
/* End PBXFileReference section */

/* Begin PBXFrameworksBuildPhase section */
		FC2871B919B51A35002C3233 /* Frameworks */ = {
			isa = PBXFrameworksBuildPhase;
			buildActionMask = 2147483647;
			files = (
				FC2871C219B51A36002C3233 /* CoreGraphics.framework in Frameworks */,
				FC2871C419B51A36002C3233 /* UIKit.framework in Frameworks */,
				FC2871C019B51A36002C3233 /* Foundation.framework in Frameworks */,
			);
			runOnlyForDeploymentPostprocessing = 0;
		};
		FC2871DA19B51A36002C3233 /* Frameworks */ = {
			isa = PBXFrameworksBuildPhase;
			buildActionMask = 2147483647;
			files = (
				FC2871DF19B51A36002C3233 /* XCTest.framework in Frameworks */,
				FC2871E119B51A36002C3233 /* UIKit.framework in Frameworks */,
				FC2871E019B51A36002C3233 /* Foundation.framework in Frameworks */,
			);
			runOnlyForDeploymentPostprocessing = 0;
		};
/* End PBXFrameworksBuildPhase section */

/* Begin PBXGroup section */
		FC2871B319B51A35002C3233 = {
			isa = PBXGroup;
			children = (
				FC2871C519B51A36002C3233 /* UITableViewController Challenge Solution */,
				FC2871E419B51A36002C3233 /* UITableViewController Challenge SolutionTests */,
				FC2871BE19B51A36002C3233 /* Frameworks */,
				FC2871BD19B51A36002C3233 /* Products */,
			);
			sourceTree = "<group>";
		};
		FC2871BD19B51A36002C3233 /* Products */ = {
			isa = PBXGroup;
			children = (
				FC2871BC19B51A36002C3233 /* UITableViewController Challenge Solution.app */,
				FC2871DD19B51A36002C3233 /* UITableViewController Challenge SolutionTests.xctest */,
			);
			name = Products;
			sourceTree = "<group>";
		};
		FC2871BE19B51A36002C3233 /* Frameworks */ = {
			isa = PBXGroup;
			children = (
				FC2871BF19B51A36002C3233 /* Foundation.framework */,
				FC2871C119B51A36002C3233 /* CoreGraphics.framework */,
				FC2871C319B51A36002C3233 /* UIKit.framework */,
				FC2871DE19B51A36002C3233 /* XCTest.framework */,
			);
			name = Frameworks;
			sourceTree = "<group>";
		};
		FC2871C519B51A36002C3233 /* UITableViewController Challenge Solution */ = {
			isa = PBXGroup;
			children = (
				FC2871CE19B51A36002C3233 /* CSAppDelegate.h */,
				FC2871CF19B51A36002C3233 /* CSAppDelegate.m */,
				FC2871D119B51A36002C3233 /* Main.storyboard */,
				FC2871D419B51A36002C3233 /* CSViewController.h */,
				FC2871D519B51A36002C3233 /* CSViewController.m */,
				FC2871D719B51A36002C3233 /* Images.xcassets */,
				FC2871C619B51A36002C3233 /* Supporting Files */,
			);
			path = "UITableViewController Challenge Solution";
			sourceTree = "<group>";
		};
		FC2871C619B51A36002C3233 /* Supporting Files */ = {
			isa = PBXGroup;
			children = (
				FC2871C719B51A36002C3233 /* UITableViewController Challenge Solution-Info.plist */,
				FC2871C819B51A36002C3233 /* InfoPlist.strings */,
				FC2871CB19B51A36002C3233 /* main.m */,
				FC2871CD19B51A36002C3233 /* UITableViewController Challenge Solution-Prefix.pch */,
			);
			name = "Supporting Files";
			sourceTree = "<group>";
		};
		FC2871E419B51A36002C3233 /* UITableViewController Challenge SolutionTests */ = {
			isa = PBXGroup;
			children = (
				FC2871EA19B51A36002C3233 /* UITableViewController_Challenge_SolutionTests.m */,
				FC2871E519B51A36002C3233 /* Supporting Files */,
			);
			path = "UITableViewController Challenge SolutionTests";
			sourceTree = "<group>";
		};
		FC2871E519B51A36002C3233 /* Supporting Files */ = {
			isa = PBXGroup;
			children = (
				FC2871E619B51A36002C3233 /* UITableViewController Challenge SolutionTests-Info.plist */,
				FC2871E719B51A36002C3233 /* InfoPlist.strings */,
			);
			name = "Supporting Files";
			sourceTree = "<group>";
		};
/* End PBXGroup section */

/* Begin PBXNativeTarget section */
		FC2871BB19B51A35002C3233 /* UITableViewController Challenge Solution */ = {
			isa = PBXNativeTarget;
			buildConfigurationList = FC2871EE19B51A36002C3233 /* Build configuration list for PBXNativeTarget "UITableViewController Challenge Solution" */;
			buildPhases = (
				FC2871B819B51A35002C3233 /* Sources */,
				FC2871B919B51A35002C3233 /* Frameworks */,
				FC2871BA19B51A35002C3233 /* Resources */,
			);
			buildRules = (
			);
			dependencies = (
			);
			name = "UITableViewController Challenge Solution";
			productName = "UITableViewController Challenge Solution";
			productReference = FC2871BC19B51A36002C3233 /* UITableViewController Challenge Solution.app */;
			productType = "com.apple.product-type.application";
		};
		FC2871DC19B51A36002C3233 /* UITableViewController Challenge SolutionTests */ = {
			isa = PBXNativeTarget;
			buildConfigurationList = FC2871F119B51A36002C3233 /* Build configuration list for PBXNativeTarget "UITableViewController Challenge SolutionTests" */;
			buildPhases = (
				FC2871D919B51A36002C3233 /* Sources */,
				FC2871DA19B51A36002C3233 /* Frameworks */,
				FC2871DB19B51A36002C3233 /* Resources */,
			);
			buildRules = (
			);
			dependencies = (
				FC2871E319B51A36002C3233 /* PBXTargetDependency */,
			);
			name = "UITableViewController Challenge SolutionTests";
			productName = "UITableViewController Challenge SolutionTests";
			productReference = FC2871DD19B51A36002C3233 /* UITableViewController Challenge SolutionTests.xctest */;
			productType = "com.apple.product-type.bundle.unit-test";
		};
/* End PBXNativeTarget section */

/* Begin PBXProject section */
		FC2871B419B51A35002C3233 /* Project object */ = {
			isa = PBXProject;
			attributes = {
				CLASSPREFIX = CS;
				LastUpgradeCheck = 0510;
				ORGANIZATIONNAME = "Sergio Magaña";
				TargetAttributes = {
					FC2871DC19B51A36002C3233 = {
						TestTargetID = FC2871BB19B51A35002C3233;
					};
				};
			};
			buildConfigurationList = FC2871B719B51A35002C3233 /* Build configuration list for PBXProject "UITableViewController Challenge Solution" */;
			compatibilityVersion = "Xcode 3.2";
			developmentRegion = English;
			hasScannedForEncodings = 0;
			knownRegions = (
				en,
				Base,
			);
			mainGroup = FC2871B319B51A35002C3233;
			productRefGroup = FC2871BD19B51A36002C3233 /* Products */;
			projectDirPath = "";
			projectRoot = "";
			targets = (
				FC2871BB19B51A35002C3233 /* UITableViewController Challenge Solution */,
				FC2871DC19B51A36002C3233 /* UITableViewController Challenge SolutionTests */,
			);
		};
/* End PBXProject section */

/* Begin PBXResourcesBuildPhase section */
		FC2871BA19B51A35002C3233 /* Resources */ = {
			isa = PBXResourcesBuildPhase;
			buildActionMask = 2147483647;
			files = (
				FC2871D819B51A36002C3233 /* Images.xcassets in Resources */,
				FC2871CA19B51A36002C3233 /* InfoPlist.strings in Resources */,
				FC2871D319B51A36002C3233 /* Main.storyboard in Resources */,
			);
			runOnlyForDeploymentPostprocessing = 0;
		};
		FC2871DB19B51A36002C3233 /* Resources */ = {
			isa = PBXResourcesBuildPhase;
			buildActionMask = 2147483647;
			files = (
				FC2871E919B51A36002C3233 /* InfoPlist.strings in Resources */,
			);
			runOnlyForDeploymentPostprocessing = 0;
		};
/* End PBXResourcesBuildPhase section */

/* Begin PBXSourcesBuildPhase section */
		FC2871B819B51A35002C3233 /* Sources */ = {
			isa = PBXSourcesBuildPhase;
			buildActionMask = 2147483647;
			files = (
				FC2871D019B51A36002C3233 /* CSAppDelegate.m in Sources */,
				FC2871CC19B51A36002C3233 /* main.m in Sources */,
				FC2871D619B51A36002C3233 /* CSViewController.m in Sources */,
			);
			runOnlyForDeploymentPostprocessing = 0;
		};
		FC2871D919B51A36002C3233 /* Sources */ = {
			isa = PBXSourcesBuildPhase;
			buildActionMask = 2147483647;
			files = (
				FC2871EB19B51A36002C3233 /* UITableViewController_Challenge_SolutionTests.m in Sources */,
			);
			runOnlyForDeploymentPostprocessing = 0;
		};
/* End PBXSourcesBuildPhase section */

/* Begin PBXTargetDependency section */
		FC2871E319B51A36002C3233 /* PBXTargetDependency */ = {
			isa = PBXTargetDependency;
			target = FC2871BB19B51A35002C3233 /* UITableViewController Challenge Solution */;
			targetProxy = FC2871E219B51A36002C3233 /* PBXContainerItemProxy */;
		};
/* End PBXTargetDependency section */

/* Begin PBXVariantGroup section */
		FC2871C819B51A36002C3233 /* InfoPlist.strings */ = {
			isa = PBXVariantGroup;
			children = (
				FC2871C919B51A36002C3233 /* en */,
			);
			name = InfoPlist.strings;
			sourceTree = "<group>";
		};
		FC2871D119B51A36002C3233 /* Main.storyboard */ = {
			isa = PBXVariantGroup;
			children = (
				FC2871D219B51A36002C3233 /* Base */,
			);
			name = Main.storyboard;
			sourceTree = "<group>";
		};
		FC2871E719B51A36002C3233 /* InfoPlist.strings */ = {
			isa = PBXVariantGroup;
			children = (
				FC2871E819B51A36002C3233 /* en */,
			);
			name = InfoPlist.strings;
			sourceTree = "<group>";
		};
/* End PBXVariantGroup section */

/* Begin XCBuildConfiguration section */
		FC2871EC19B51A36002C3233 /* Debug */ = {
			isa = XCBuildConfiguration;
			buildSettings = {
				ALWAYS_SEARCH_USER_PATHS = NO;
				CLANG_CXX_LANGUAGE_STANDARD = "gnu++0x";
				CLANG_CXX_LIBRARY = "libc++";
				CLANG_ENABLE_MODULES = YES;
				CLANG_ENABLE_OBJC_ARC = YES;
				CLANG_WARN_BOOL_CONVERSION = YES;
				CLANG_WARN_CONSTANT_CONVERSION = YES;
				CLANG_WARN_DIRECT_OBJC_ISA_USAGE = YES_ERROR;
				CLANG_WARN_EMPTY_BODY = YES;
				CLANG_WARN_ENUM_CONVERSION = YES;
				CLANG_WARN_INT_CONVERSION = YES;
				CLANG_WARN_OBJC_ROOT_CLASS = YES_ERROR;
				CLANG_WARN__DUPLICATE_METHOD_MATCH = YES;
				"CODE_SIGN_IDENTITY[sdk=iphoneos*]" = "iPhone Developer";
				COPY_PHASE_STRIP = NO;
				GCC_C_LANGUAGE_STANDARD = gnu99;
				GCC_DYNAMIC_NO_PIC = NO;
				GCC_OPTIMIZATION_LEVEL = 0;
				GCC_PREPROCESSOR_DEFINITIONS = (
					"DEBUG=1",
					"$(inherited)",
				);
				GCC_SYMBOLS_PRIVATE_EXTERN = NO;
				GCC_WARN_64_TO_32_BIT_CONVERSION = YES;
				GCC_WARN_ABOUT_RETURN_TYPE = YES_ERROR;
				GCC_WARN_UNDECLARED_SELECTOR = YES;
				GCC_WARN_UNINITIALIZED_AUTOS = YES_AGGRESSIVE;
				GCC_WARN_UNUSED_FUNCTION = YES;
				GCC_WARN_UNUSED_VARIABLE = YES;
				IPHONEOS_DEPLOYMENT_TARGET = 7.1;
				ONLY_ACTIVE_ARCH = YES;
				SDKROOT = iphoneos;
			};
			name = Debug;
		};
		FC2871ED19B51A36002C3233 /* Release */ = {
			isa = XCBuildConfiguration;
			buildSettings = {
				ALWAYS_SEARCH_USER_PATHS = NO;
				CLANG_CXX_LANGUAGE_STANDARD = "gnu++0x";
				CLANG_CXX_LIBRARY = "libc++";
				CLANG_ENABLE_MODULES = YES;
				CLANG_ENABLE_OBJC_ARC = YES;
				CLANG_WARN_BOOL_CONVERSION = YES;
				CLANG_WARN_CONSTANT_CONVERSION = YES;
				CLANG_WARN_DIRECT_OBJC_ISA_USAGE = YES_ERROR;
				CLANG_WARN_EMPTY_BODY = YES;
				CLANG_WARN_ENUM_CONVERSION = YES;
				CLANG_WARN_INT_CONVERSION = YES;
				CLANG_WARN_OBJC_ROOT_CLASS = YES_ERROR;
				CLANG_WARN__DUPLICATE_METHOD_MATCH = YES;
				"CODE_SIGN_IDENTITY[sdk=iphoneos*]" = "iPhone Developer";
				COPY_PHASE_STRIP = YES;
				ENABLE_NS_ASSERTIONS = NO;
				GCC_C_LANGUAGE_STANDARD = gnu99;
				GCC_WARN_64_TO_32_BIT_CONVERSION = YES;
				GCC_WARN_ABOUT_RETURN_TYPE = YES_ERROR;
				GCC_WARN_UNDECLARED_SELECTOR = YES;
				GCC_WARN_UNINITIALIZED_AUTOS = YES_AGGRESSIVE;
				GCC_WARN_UNUSED_FUNCTION = YES;
				GCC_WARN_UNUSED_VARIABLE = YES;
				IPHONEOS_DEPLOYMENT_TARGET = 7.1;
				SDKROOT = iphoneos;
				VALIDATE_PRODUCT = YES;
			};
			name = Release;
		};
		FC2871EF19B51A36002C3233 /* Debug */ = {
			isa = XCBuildConfiguration;
			buildSettings = {
				ASSETCATALOG_COMPILER_APPICON_NAME = AppIcon;
				ASSETCATALOG_COMPILER_LAUNCHIMAGE_NAME = LaunchImage;
				GCC_PRECOMPILE_PREFIX_HEADER = YES;
				GCC_PREFIX_HEADER = "UITableViewController Challenge Solution/UITableViewController Challenge Solution-Prefix.pch";
				INFOPLIST_FILE = "UITableViewController Challenge Solution/UITableViewController Challenge Solution-Info.plist";
				PRODUCT_NAME = "$(TARGET_NAME)";
				WRAPPER_EXTENSION = app;
			};
			name = Debug;
		};
		FC2871F019B51A36002C3233 /* Release */ = {
			isa = XCBuildConfiguration;
			buildSettings = {
				ASSETCATALOG_COMPILER_APPICON_NAME = AppIcon;
				ASSETCATALOG_COMPILER_LAUNCHIMAGE_NAME = LaunchImage;
				GCC_PRECOMPILE_PREFIX_HEADER = YES;
				GCC_PREFIX_HEADER = "UITableViewController Challenge Solution/UITableViewController Challenge Solution-Prefix.pch";
				INFOPLIST_FILE = "UITableViewController Challenge Solution/UITableViewController Challenge Solution-Info.plist";
				PRODUCT_NAME = "$(TARGET_NAME)";
				WRAPPER_EXTENSION = app;
			};
			name = Release;
		};
		FC2871F219B51A36002C3233 /* Debug */ = {
			isa = XCBuildConfiguration;
			buildSettings = {
				BUNDLE_LOADER = "$(BUILT_PRODUCTS_DIR)/UITableViewController Challenge Solution.app/UITableViewController Challenge Solution";
				FRAMEWORK_SEARCH_PATHS = (
					"$(SDKROOT)/Developer/Library/Frameworks",
					"$(inherited)",
					"$(DEVELOPER_FRAMEWORKS_DIR)",
				);
				GCC_PRECOMPILE_PREFIX_HEADER = YES;
				GCC_PREFIX_HEADER = "UITableViewController Challenge Solution/UITableViewController Challenge Solution-Prefix.pch";
				GCC_PREPROCESSOR_DEFINITIONS = (
					"DEBUG=1",
					"$(inherited)",
				);
				INFOPLIST_FILE = "UITableViewController Challenge SolutionTests/UITableViewController Challenge SolutionTests-Info.plist";
				PRODUCT_NAME = "$(TARGET_NAME)";
				TEST_HOST = "$(BUNDLE_LOADER)";
				WRAPPER_EXTENSION = xctest;
			};
			name = Debug;
		};
		FC2871F319B51A36002C3233 /* Release */ = {
			isa = XCBuildConfiguration;
			buildSettings = {
				BUNDLE_LOADER = "$(BUILT_PRODUCTS_DIR)/UITableViewController Challenge Solution.app/UITableViewController Challenge Solution";
				FRAMEWORK_SEARCH_PATHS = (
					"$(SDKROOT)/Developer/Library/Frameworks",
					"$(inherited)",
					"$(DEVELOPER_FRAMEWORKS_DIR)",
				);
				GCC_PRECOMPILE_PREFIX_HEADER = YES;
				GCC_PREFIX_HEADER = "UITableViewController Challenge Solution/UITableViewController Challenge Solution-Prefix.pch";
				INFOPLIST_FILE = "UITableViewController Challenge SolutionTests/UITableViewController Challenge SolutionTests-Info.plist";
				PRODUCT_NAME = "$(TARGET_NAME)";
				TEST_HOST = "$(BUNDLE_LOADER)";
				WRAPPER_EXTENSION = xctest;
			};
			name = Release;
		};
/* End XCBuildConfiguration section */

/* Begin XCConfigurationList section */
		FC2871B719B51A35002C3233 /* Build configuration list for PBXProject "UITableViewController Challenge Solution" */ = {
			isa = XCConfigurationList;
			buildConfigurations = (
				FC2871EC19B51A36002C3233 /* Debug */,
				FC2871ED19B51A36002C3233 /* Release */,
			);
			defaultConfigurationIsVisible = 0;
			defaultConfigurationName = Release;
		};
		FC2871EE19B51A36002C3233 /* Build configuration list for PBXNativeTarget "UITableViewController Challenge Solution" */ = {
			isa = XCConfigurationList;
			buildConfigurations = (
				FC2871EF19B51A36002C3233 /* Debug */,
				FC2871F019B51A36002C3233 /* Release */,
			);
			defaultConfigurationIsVisible = 0;
		};
		FC2871F119B51A36002C3233 /* Build configuration list for PBXNativeTarget "UITableViewController Challenge SolutionTests" */ = {
			isa = XCConfigurationList;
			buildConfigurations = (
				FC2871F219B51A36002C3233 /* Debug */,
				FC2871F319B51A36002C3233 /* Release */,
			);
			defaultConfigurationIsVisible = 0;
		};
/* End XCConfigurationList section */
	};
	rootObject = FC2871B419B51A35002C3233 /* Project object */;
}
